
Microsoft Visual Studio Solution File, Format Version 12.00
# Visual Studio Version 16
VisualStudioVersion = 16.0.29025.244
MinimumVisualStudioVersion = 10.0.40219.1
Project("{8BC9CEB8-8B4A-11D0-8D11-00A0C91BC942}") = "SDL_2", "SDL_2.vcxproj", "{A0F30420-EE3F-4631-B6D7-372E84D40911}"
EndProject
Global
	GlobalSection(SolutionConfigurationPlatforms) = preSolution
		Debug|x64 = Debug|x64
		Debug|x86 = Debug|x86
		Release|x64 = Release|x64
		Release|x86 = Release|x86
	EndGlobalSection
	GlobalSection(ProjectConfigurationPlatforms) = postSolution
		{A0F30420-EE3F-4631-B6D7-372E84D40911}.Debug|x64.ActiveCfg = Debug|x64
		{A0F30420-EE3F-4631-B6D7-372E84D40911}.Debug|x64.Build.0 = Debug|x64
		{A0F30420-EE3F-4631-B6D7-372E84D40911}.Debug|x86.ActiveCfg = Debug|Win32
		{A0F30420-EE3F-4631-B6D7-372E84D40911}.Debug|x86.Build.0 = Debug|Win32
		{A0F30420-EE3F-4631-B6D7-372E84D40911}.Release|x64.ActiveCfg = Release|x64
		{A0F30420-EE3F-4631-B6D7-372E84D40911}.Release|x64.Build.0 = Release|x64
		{A0F30420-EE3F-4631-B6D7-372E84D40911}.Release|x86.ActiveCfg = Release|Win32
		{A0F30420-EE3F-4631-B6D7-372E84D40911}.Release|x86.Build.0 = Release|Win32
	EndGlobalSection
	GlobalSection(SolutionProperties) = preSolution
		HideSolutionNode = FALSE
	EndGlobalSection
	GlobalSection(ExtensibilityGlobals) = postSolution
		SolutionGuid = {692AC507-3E8A-4879-9529-FC320B4E2ABB}
	EndGlobalSection
EndGlobal
